
{
  "name": "tanstack_start_ts",
  "lockfileVersion": 3,
  "requires": true,
  "packages": {
    "": {
      "name": "tanstack_start_ts",
      "dependencies": {
        "@ai-sdk/google": "4.0.11",
        "@ai-sdk/google-vertex": "^5.0.14",
        "@ai-sdk/openai-compatible": "^3.0.5",
        "@astryxdesign/cli": "^0.1.3",
        "@astryxdesign/core": "^0.1.3",
        "@astryxdesign/theme-neutral": "^0.1.3",
        "@fontsource/tajawal": "^5.2.7",
        "@hookform/resolvers": "^5.2.2",
        "@lovable.dev/cloud-auth-js": "^1.1.2",
        "@modelcontextprotocol/sdk": "^1.30.0",
        "@monaco-editor/react": "^4.7.0",
        "@mux/mux-player-react": "^3.13.0",
        "@radix-ui/react-accordion": "^1.2.12",
        "@radix-ui/react-alert-dialog": "^1.1.15",
        "@radix-ui/react-aspect-ratio": "^1.1.8",
        "@radix-ui/react-avatar": "^1.1.11",
        "@radix-ui/react-checkbox": "^1.3.3",
        "@radix-ui/react-collapsible": "^1.1.12",
        "@radix-ui/react-context-menu": "^2.2.16",
        "@radix-ui/react-dialog": "^1.1.15",
        "@radix-ui/react-dropdown-menu": "^2.1.16",
        "@radix-ui/react-hover-card": "^1.1.15",
        "@radix-ui/react-label": "^2.1.8",
        "@radix-ui/react-menubar": "^1.1.16",
        "@radix-ui/react-navigation-menu": "^1.2.14",
        "@radix-ui/react-popover": "^1.1.15",
        "@radix-ui/react-progress": "^1.1.8",
        "@radix-ui/react-radio-group": "^1.3.8",
        "@radix-ui/react-scroll-area": "^1.2.10",
        "@radix-ui/react-select": "^2.2.6",
        "@radix-ui/react-separator": "^1.1.8",
        "@radix-ui/react-slider": "^1.3.6",
        "@radix-ui/react-slot": "^1.2.4",
        "@radix-ui/react-switch": "^1.2.6",
        "@radix-ui/react-tabs": "^1.1.13",
        "@radix-ui/react-toggle": "^1.1.10",
        "@radix-ui/react-toggle-group": "^1.1.11",
        "@radix-ui/react-tooltip": "^1.2.8",
        "@react-three/drei": "^10.7.7",
        "@react-three/fiber": "^9.6.1",
        "@sparticuz/chromium": "152.0.0",
        "@supabase/supabase-js": "^2.110.0",
        "@tailwindcss/vite": "^4.2.1",
        "@tanstack/react-query": "^5.101.1",
        "@tanstack/react-query-persist-client": "^5.101.4",
        "@tanstack/react-router": "^1.170.16",
        "@tanstack/react-router-ssr-query": "^1.167.1",
        "@tanstack/react-start": "1.168.60",
        "@tanstack/router-plugin": "^1.168.18",
        "ai": "^7.0.14",
        "class-variance-authority": "^0.7.1",
        "clsx": "^2.1.1",
        "cmdk": "^1.1.1",
        "date-fns": "^4.1.0",
        "embla-carousel-react": "^8.6.0",
        "framer-motion": "^12.42.2",
        "idb-keyval": "^6.3.0",
        "input-otp": "^1.4.2",
        "lucide-react": "^0.575.0",
        "playwright-core": "1.62.0",
        "react": "^19.2.0",
        "react-day-picker": "^9.14.0",
        "react-dom": "^19.2.0",
        "react-hook-form": "^7.71.2",
        "react-resizable-panels": "^4.6.5",
        "recharts": "^2.15.4",
        "sharp": "^0.35.3",
        "sonner": "^2.0.7",
        "tailwind-merge": "^3.5.0",
        "tailwindcss": "^4.2.1",
        "three": "^0.185.1",
        "three-stdlib": "2.36.1",
        "tw-animate-css": "^1.3.4",
        "vaul": "^1.1.2",
        "vite-plugin-pwa": "^1.3.0",
        "vite-tsconfig-paths": "^6.0.2",
        "zod": "^3.24.2",
        "zustand": "^5.0.14"
      },
      "devDependencies": {
        "@axe-core/playwright": "^4.12.1",
        "@eslint/js": "^9.32.0",
        "@lovable.dev/vite-tanstack-config": "2.7.1",
        "@playwright/test": "^1.62.0",
        "@testing-library/jest-dom": "^7.0.0",
        "@testing-library/react": "^16.3.2",
        "@types/node": "^22.16.5",
        "@types/react": "^19.2.0",
        "@types/react-dom": "^19.2.0",
        "@types/three": "^0.185.1",
        "@vitejs/plugin-react": "^5.2.0",
        "@vitest/coverage-v8": "^4.1.10",
        "eslint": "^9.32.0",
        "eslint-config-prettier": "^10.1.1",
        "eslint-plugin-prettier": "^5.2.6",
        "eslint-plugin-react-hooks": "^5.2.0",
        "eslint-plugin-react-refresh": "^0.4.20",
        "globals": "^15.15.0",
        "jscpd": "^4.0.5",
        "jsdom": "^29.1.1",
        "nitro": "3.0.260603-beta",
        "prettier": "^3.7.3",
        "typescript": "^5.8.3",
        "typescript-eslint": "^8.56.1",
        "vite": "^8.0.16",
        "vitest": "^4.1.10"
      }
    },
    "node_modules/@adobe/css-tools": {
      "version": "4.5.0",
      "resolved": "https://registry.npmjs.org/@adobe/css-tools/-/css-tools-4.5.0.tgz",
      "integrity": "sha512-6OzddxPio9UiWTCemp4N8cYLV2ZN1ncRnV1cVGtve7dhPOtRkleRyx32GQCYSwDYgaHU3USMm84tNsvKzRCa1Q==",
      "dev": true,
      "license": "MIT"
    },
    "node_modules/@ai-sdk/anthropic": {
      "version": "4.0.11",
      "resolved": "https://registry.npmjs.org/@ai-sdk/anthropic/-/anthropic-4.0.11.tgz",
      "integrity": "sha512-Xe9anDf2f1/kfror2VuWPdHZ4MJgzI2+ctTGYofjiGUjiVkjtBvVBdYtPhfFFGaY9zpbDeDTA+huqfvf51BGuw==",
      "license": "Apache-2.0",
      "dependencies": {
        "@ai-sdk/provider": "4.0.3",
        "@ai-sdk/provider-utils": "5.0.7"
      },
      "engines": {
        "node": ">=22"
      },
      "peerDependencies": {
        "zod": "^3.25.76 || ^4.1.8"
      }
    },
    "node_modules/@ai-sdk/anthropic/node_modules/@ai-sdk/provider": {
      "version": "4.0.3",
      "resolved": "https://registry.npmjs.org/@ai-sdk/provider/-/provider-4.0.3.tgz",
      "integrity": "sha512-e0CpNWJUY7OxAFAnCZkw+ri9QOHWwTs1tXP42782KFGCU07qt8NiXCrCVowyCB5dP2r5/Uls+g2oPd8kOJn9dw==",
      "license": "Apache-2.0",
      "dependencies": {
        "json-schema": "^0.4.0"
      },
      "engines": {
        "node": ">=22"
      }
    },
    "node_modules/@ai-sdk/anthropic/node_modules/@ai-sdk/provider-utils": {
      "version": "5.0.7",
      "resolved": "https://registry.npmjs.org/@ai-sdk/provider-utils/-/provider-utils-5.0.7.tgz",
      "integrity": "sha512-OSm5/5kdrHa11WIOo5LYgDKnxYWp5aB/wx5EXRHi0jpUGduMDeB6oht9U6p+UNNWIP3F/EqPpV8d7vdP/iRnqg==",
      "license": "Apache-2.0",
      "dependencies": {
        "@ai-sdk/provider": "4.0.3",
        "@standard-schema/spec": "^1.1.0",
        "@workflow/serde": "4.1.0",
        "eventsource-parser": "^3.0.8"
      },
      "engines": {
        "node": ">=22"
      },
      "peerDependencies": {
        "zod": "^3.25.76 || ^4.1.8"
      }
    },
    "node_modules/@ai-sdk/gateway": {
      "version": "4.0.12",
      "resolved": "https://registry.npmjs.org/@ai-sdk/gateway/-/gateway-4.0.12.tgz",
      "integrity": "sha512-Y7Fy8xJwPz7ZC0DhSQG3HIVk+drup42hrIj6yqKlib3CxwiR0F7nYyUI8+kPrEtbZEoyKoRstvT4/o0HEyFBHA==",
      "license": "Apache-2.0",
      "dependencies": {
        "@ai-sdk/provider": "4.0.2",
        "@ai-sdk/provider-utils": "5.0.5",
        "@vercel/oidc": "3.2.0"
      },
      "engines": {
        "node": ">=22"
      },
      "peerDependencies": {
        "zod": "^3.25.76 || ^4.1.8"
      }
    },
    "node_modules/@ai-sdk/google": {
      "version": "4.0.11",
      "resolved": "https://registry.npmjs.org/@ai-sdk/google/-/google-4.0.11.tgz",
      "integrity": "sha512-1PvB3JC1D9eA43NCyHYhlz07YNfnAt9/8pvr8R7eaHp6J7LABM3lTHMvDMk1nRNGfBlV8H7U1jtgNEgB4u7MMw==",
      "license": "Apache-2.0",
      "dependencies": {
        "@ai-sdk/provider": "4.0.3",
        "@ai-sdk/provider-utils": "5.0.7"
      },
      "engines": {
        "node": ">=22"
      },
      "peerDependencies": {
        "zod": "^3.25.76 || ^4.1.8"
      }
    },
    "node_modules/@ai-sdk/google-vertex": {
      "version": "5.0.14",
      "resolved": "https://registry.npmjs.org/@ai-sdk/google-vertex/-/google-vertex-5.0.14.tgz",
      "integrity": "sha512-gkX2Eh0MEknzPFn6A1z3P0vEwvx7sdf9uNwQ3E8Rtxiif2GwhGzvKLORmihd2FuVIoBJhJYpaj5beKrVDJKM/w==",
      "license": "Apache-2.0",
      "dependencies": {
        "@ai-sdk/anthropic": "4.0.11",
        "@ai-sdk/google": "4.0.11",
        "@ai-sdk/openai-compatible": "3.0.7",
        "@ai-sdk/provider": "4.0.3",
        "@ai-sdk/provider-utils": "5.0.7",
        "google-auth-library": "^10.6.2"
      },
      "engines": {
        "node": ">=22"
      },
      "peerDependencies": {
        "zod": "^3.25.76 || ^4.1.8"
      }
    },
    "node_modules/@ai-sdk/google-vertex/node_modules/@ai-sdk/provider": {
      "version": "4.0.3",
      "resolved": "https://registry.npmjs.org/@ai-sdk/provider/-/provider-4.0.3.tgz",
      "integrity": "sha512-e0CpNWJUY7OxAFAnCZkw+ri9QOHWwTs1tXP42782KFGCU07qt8NiXCrCVowyCB5dP2r5/Uls+g2oPd8kOJn9dw==",
      "license": "Apache-2.0",
      "dependencies": {
        "json-schema": "^0.4.0"
      },
      "engines": {
        "node": ">=22"
      }
    },
    "node_modules/@ai-sdk/google-vertex/node_modules/@ai-sdk/provider-utils": {
      "version": "5.0.7",
      "resolved": "https://registry.npmjs.org/@ai-sdk/provider-utils/-/provider-utils-5.0.7.tgz",
      "integrity": "sha512-OSm5/5kdrHa11WIOo5LYgDKnxYWp5aB/wx5EXRHi0jpUGduMDeB6oht9U6p+UNNWIP3F/EqPpV8d7vdP/iRnqg==",
      "license": "Apache-2.0",
      "dependencies": {
        "@ai-sdk/provider": "4.0.3",
        "@standard-schema/spec": "^1.1.0",
        "@workflow/serde": "4.1.0",
        "eventsource-parser": "^3.0.8"
      },
      "engines": {
        "node": ">=22"
      },
      "peerDependencies": {
        "zod": "^3.25.76 || ^4.1.8"
      }
    },
    "node_modules/@ai-sdk/google/node_modules/@ai-sdk/provider": {
      "version": "4.0.3",
      "resolved": "https://registry.npmjs.org/@ai-sdk/provider/-/provider-4.0.3.tgz",
      "integrity": "sha512-e0CpNWJUY7OxAFAnCZkw+ri9QOHWwTs1tXP42782KFGCU07qt8NiXCrCVowyCB5dP2r5/Uls+g2oPd8kOJn9dw==",
      "license": "Apache-2.0",
      "dependencies": {
        "json-schema": "^0.4.0"
      },
      "engines": {
        "node": ">=22"
      }
    },
    "node_modules/@ai-sdk/google/node_modules/@ai-sdk/provider-utils": {
      "version": "5.0.7",
      "resolved": "https://registry.npmjs.org/@ai-sdk/provider-utils/-/provider-utils-5.0.7.tgz",
      "integrity": "sha512-OSm5/5kdrHa11WIOo5LYgDKnxYWp5aB/wx5EXRHi0jpUGduMDeB6oht9U6p+UNNWIP3F/EqPpV8d7vdP/iRnqg==",
      "license": "Apache-2.0",
      "dependencies": {
        "@ai-sdk/provider": "4.0.3",
        "@standard-schema/spec": "^1.1.0",
        "@workflow/serde": "4.1.0",
        "eventsource-parser": "^3.0.8"
      },
      "engines": {
        "node": ">=22"
      },
      "peerDependencies": {
        "zod": "^3.25.76 || ^4.1.8"
      }
    },
    "node_modules/@ai-sdk/openai-compatible": {
      "version": "3.0.7",
      "resolved": "https://registry.npmjs.org/@ai-sdk/openai-compatible/-/openai-compatible-3.0.7.tgz",
      "integrity": "sha512-y8RVpm8BZKNHDxlbNVt/GYmoBBqLx10m4d7bOzOnRD8V2aP3Cr6/g/bfubR4EkbW1ySrnPr62svZIeND2fdp3Q==",
      "license": "Apache-2.0",
      "dependencies": {
        "@ai-sdk/provider": "4.0.3",
        "@ai-sdk/provider-utils": "5.0.7"
      },
      "engines": {
        "node": ">=22"
      },
      "peerDependencies": {
        "zod": "^3.25.76 || ^4.1.8"
      }
    },
    "node_modules/@ai-sdk/openai-compatible/node_modules/@ai-sdk/provider": {
      "version": "4.0.3",
      "resolved": "https://registry.npmjs.org/@ai-sdk/provider/-/provider-4.0.3.tgz",
      "integrity": "sha512-e0CpNWJUY7OxAFAnCZkw+ri9QOHWwTs1tXP42782KFGCU07qt8NiXCrCVowyCB5dP2r5/Uls+g2oPd8kOJn9dw==",
      "license": "Apache-2.0",
      "dependencies": {
        "json-schema": "^0.4.0"
      },
      "engines": {
        "node": ">=22"
      }
    },
    "node_modules/@ai-sdk/openai-compatible/node_modules/@ai-sdk/provider-utils": {
      "version": "5.0.7",
      "resolved": "https://registry.npmjs.org/@ai-sdk/provider-utils/-/provider-utils-5.0.7.tgz",
      "integrity": "sha512-OSm5/5kdrHa11WIOo5LYgDKnxYWp5aB/wx5EXRHi0jpUGduMDeB6oht9U6p+UNNWIP3F/EqPpV8d7vdP/iRnqg==",
      "license": "Apache-2.0",
      "dependencies": {
        "@ai-sdk/provider": "4.0.3",
        "@standard-schema/spec": "^1.1.0",
        "@workflow/serde": "4.1.0",
        "eventsource-parser": "^3.0.8"
      },
      "engines": {
        "node": ">=22"
      },
      "peerDependencies": {
        "zod": "^3.25.76 || ^4.1.8"
      }
    },
    "node_modules/@ai-sdk/provider": {
      "version": "4.0.2",
      "resolved": "https://registry.npmjs.org/@ai-sdk/provider/-/provider-4.0.2.tgz",
      "integrity": "sha512-pfPoy9J1B1xV7cqJ8MYHOsDYrMv5tR3+EMNfI249OhkD2uRakvav3Fo7XpD2luuN/YNCBY7KfEQc7vEV7KEtyw==",
      "license": "Apache-2.0",
      "dependencies": {
        "json-schema": "^0.4.0"
      },
      "engines": {
        "node": ">=22"
      }
    },
    "node_modules/@ai-sdk/provider-utils": {
      "version": "5.0.5",
      "resolved": "https://registry.npmjs.org/@ai-sdk/provider-utils/-/provider-utils-5.0.5.tgz",
      "integrity": "sha512-oI0t3dvCoqWNV1I8o1Rybi2DXDvHES5r/TrwtJW90tuFLVepgJlftPxrcjh8vaSvjqC2diTuA2vXyjKAyHJm4A==",
      "license": "Apache-2.0",
      "dependencies": {
        "@ai-sdk/provider": "4.0.2",
        "@standard-schema/spec": "^1.1.0",
        "@workflow/serde": "4.1.0",
        "eventsource-parser": "^3.0.8"
      },
      "engines": {
        "node": ">=22"
      },
      "peerDependencies": {
        "zod": "^3.25.76 || ^4.1.8"
      }
    },
    "node_modules/@alloc/quick-lru": {
      "version": "5.2.0",
      "resolved": "https://registry.npmjs.org/@alloc/quick-lru/-/quick-lru-5.2.0.tgz",
      "integrity": "sha512-UrcABB+4bUrFABwbluTIBErXwvbsU/V7TZWfmbgJfbkwiBuziS9gxdODUyuiecfdGQ85jglMW6juS3+z5TsKLw==",
      "dev": true,
      "license": "MIT",
      "engines": {
        "node": ">=10"
      },
      "funding": {
        "url": "https://github.com/sponsors/sindresorhus"
      }
    },
    "node_modules/@asamuzakjp/css-color": {
      "version": "5.1.11",
      "resolved": "https://registry.npmjs.org/@asamuzakjp/css-color/-/css-color-5.1.11.tgz",
      "integrity": "sha512-KVw6qIiCTUQhByfTd78h2yD1/00waTmm9uy/R7Ck/ctUyAPj+AEDLkQIdJW0T8+qGgj3j5bpNKK7Q3G+LedJWg==",
      "dev": true,
      "license": "MIT",
      "dependencies": {
        "@asamuzakjp/generational-cache": "^1.0.1",
        "@csstools/css-calc": "^3.2.0",
        "@csstools/css-color-parser": "^4.1.0",
        "@csstools/css-parser-algorithms": "^4.0.0",
        "@csstools/css-tokenizer": "^4.0.0"
      },
      "engines": {
        "node": "^20.19.0 || ^22.12.0 || >=24.0.0"
      }
    },
    "node_modules/@asamuzakjp/dom-selector": {
      "version": "7.1.1",
      "resolved": "https://registry.npmjs.org/@asamuzakjp/dom-selector/-/dom-selector-7.1.1.tgz",
      "integrity": "sha512-67RZDnYRc8H/8MLDgQCDE//zoqVFwajkepHZgmXrbwybzXOEwOWGPYGmALYl9J2DOLfFPPs6kKCqmbzV895hTQ==",
      "dev": true,
      "license": "MIT",
      "dependencies": {
        "@asamuzakjp/generational-cache": "^1.0.1",
        "@asamuzakjp/nwsapi": "^2.3.9",
        "bidi-js": "^1.0.3",
        "css-tree": "^3.2.1",
        "is-potential-custom-element-name": "^1.0.1"
      },
      "engines": {
        "node": "^20.19.0 || ^22.12.0 || >=24.0.0"
      }
    },
    "node_modules/@asamuzakjp/generational-cache": {
      "version": "1.0.1",
      "resolved": "https://registry.npmjs.org/@asamuzakjp/generational-cache/-/generational-cache-1.0.1.tgz",
      "integrity": "sha512-wajfB8KqzMCN2KGNFdLkReeHncd0AslUSrvHVvvYWuU8ghncRJoA50kT3zP9MVL0+9g4/67H+cdvBskj9THPzg==",
      "dev": true,
      "license": "MIT",
      "engines": {
        "node": "^20.19.0 || ^22.12.0 || >=24.0.0"
      }
    },
    "node_modules/@asamuzakjp/nwsapi": {
      "version": "2.3.9",
      "resolved": "https://registry.npmjs.org/@asamuzakjp/nwsapi/-/nwsapi-2.3.9.tgz",
      "integrity": "sha512-n8GuYSrI9bF7FFZ/SjhwevlHc8xaVlb/7HmHelnc/PZXBD2ZR49NnN9sMMuDdEGPeeRQ5d0hqlSlEpgCX3Wl0Q==",
      "dev": true,
      "license": "MIT"
    },
    "node_modules/@astryxdesign/cli": {
      "version": "0.1.4",
      "resolved": "https://registry.npmjs.org/@astryxdesign/cli/-/cli-0.1.4.tgz",
      "integrity": "sha512-OIHQEMifssRJnrlOy+bjx22HCKf/SA5XCs6mcGxtRAJj2gjfSkHcO3ctxx7ZeLXW5idpjhYQ0gAG3lRi7Klq2g==",
      "license": "MIT",
      "dependencies": {
        "@clack/prompts": "^1.5.1",
        "commander": "^12.1.0",
        "jiti": "^2.7.0",
        "jscodeshift": "^17.3.0",
        "zod": "^4.4.3"
      },
      "bin": {
        "astryx": "bin/astryx.mjs",
        "cli": "bin/astryx.mjs"
      },
      "peerDependencies": {
        "@astryxdesign/core": "*",
        "@astryxdesign/lab": "*",
        "@astryxdesign/theme-neutral": "*",
        "gpt-tokenizer": "^2.0.0"
      },
      "peerDependenciesMeta": {
        "@astryxdesign/core": {
          "optional": true
        },
        "@astryxdesign/lab": {
          "optional": true
        },
        "@astryxdesign/theme-neutral": {
          "optional": true
        }
      }
    },
    "node_modules/@astryxdesign/cli/node_modules/commander": {
      "version": "12.1.0",
      "resolved": "https://registry.npmjs.org/commander/-/commander-12.1.0.tgz",
      "integrity": "sha512-Vw8qHK3bZM9y/P10u3Vib8o/DdkvA2OtPtZvD871QKjy74Wj1WSKFILMPRPSdUSx5RFK1arlJzEtA4PkFgnbuA==",
      "license": "MIT",
      "engines": {
        "node": ">=18"
      }
    },
    "node_modules/@astryxdesign/cli/node_modules/zod": {
      "version": "4.4.3",
      "resolved": "https://registry.npmjs.org/zod/-/zod-4.4.3.tgz",
      "integrity": "sha512-ytENFjIJFl2UwYglde2jchW2Hwm4GJFLDiSXWdTrJQBIN9Fcyp7n4DhxJEiWNAJMV1/BqWfW/kkg71UDcHJyTQ==",
      "license": "MIT",
      "funding": {
        "url": "https://github.com/sponsors/colinhacks"
      }
    },
    "node_modules/@astryxdesign/core": {
      "version": "0.1.4",
      "resolved": "https://registry.npmjs.org/@astryxdesign/core/-/core-0.1.4.tgz",
      "integrity": "sha512-pLwdh8Pu4ifgQ3thiaFjzitWzVpGJmyaSgNe2AZnGwGO1E876HY4k7s6m2wDnxbt5kxdSSeu0O6axq1LxUbwEQ==",
      "license": "MIT",
      "peerDependencies": {
        "@stylexjs/stylex": "^0.18.3",
        "react": ">=19.0.0",
        "react-dom": ">=19.0.0"
      }
    },
    "node_modules/@astryxdesign/theme-neutral": {
      "version": "0.1.4",
      "resolved": "https://registry.npmjs.org/@astryxdesign/theme-neutral/-/theme-neutral-0.1.4.tgz",
      "integrity": "sha512-h3BS3MZ/EKxTSC1JuNFMmDlO7jwmf4zycg/B4T7Dis6a/al2lIJMoOsMtjw+sz34TPGYhIceOZNl2yUOBGnyiA==",
      "license": "MIT",
      "dependencies": {
        "lucide-react": "^1.18.0"
      },
      "peerDependencies": {
        "@astryxdesign/core": "0.1.4",
        "react": ">=19"
      }
    },
    "node_modules/@astryxdesign/theme-neutral/node_modules/lucide-react": {
      "version": "1.24.0",
      "resolved": "https://registry.npmjs.org/lucide-react/-/lucide-react-1.24.0.tgz",
      "integrity": "sha512-YT6mBD8lGKkg4nM39enlm94/sfJIiW0YKUT60fBy4YK8tai31ylg1VhGNWxkpSKHo9UagfnZqwIff3HTDQwXeA==",
      "license": "ISC",
      "peerDependencies": {
        "react": "^16.5.1 || ^17.0.0 || ^18.0.0 || ^19.0.0"
      }
    },
    "node_modules/@axe-core/playwright": {
      "version": "4.12.1",
      "resolved": "https://registry.npmjs.org/@axe-core/playwright/-/playwright-4.12.1.tgz",
      "integrity": "sha512-rMd7xriptqKpP+w5265i4Hdkv2X5kbu6uiBi/B2I7uf3hieRBM3qDCfaKPtxfiYb2mKXfF+yLODJwIx+Jv1GDw==",
      "dev": true,
      "license": "MPL-2.0",
      "dependencies": {
        "axe-core": "~4.12.1"
      },
      "peerDependencies": {
        "playwright-core": ">= 1.0.0"
      }
    },
    "node_modules/@babel/code-frame": {
      "version": "7.29.7",
      "resolved": "https://registry.npmjs.org/@babel/code-frame/-/code-frame-7.29.7.tgz",
      "integrity": "sha512-Aup7aUOfpbAUg2ROOJN6Iw5f9DMBlzu0mIkm/malLQFN/YQgO48wCj0Kxa3sEHJvPVFg7siR+qRInwXd2qhQKw==",
      "license": "MIT",
      "dependencies": {
        "@babel/helper-validator-identifier": "^7.29.7",
        "js-tokens": "^4.0.0",
        "picocolors": "^1.1.1"
      },
      "engines": {
        "node": ">=6.9.0"
      }
    },
    "node_modules/@babel/compat-data": {
      "version": "7.29.7",
      "resolved": "https://registry…161105 tokens truncated…onversions": "^8.0.1"
      },
      "engines": {
        "node": "^20.19.0 || ^22.12.0 || >=24.0.0"
      }
    },
    "node_modules/which": {
      "version": "2.0.2",
      "resolved": "https://registry.npmjs.org/which/-/which-2.0.2.tgz",
      "integrity": "sha512-BLI3Tl1TW3Pvl70l3yq3Y64i+awpwXqsGBYWkkqMtnbXgrMD+yj7rhW0kuEDxzJaYXGjEW5ogapKNMEKNMjibA==",
      "license": "ISC",
      "dependencies": {
        "isexe": "^2.0.0"
      },
      "bin": {
        "node-which": "bin/node-which"
      },
      "engines": {
        "node": ">= 8"
      }
    },
    "node_modules/which-boxed-primitive": {
      "version": "1.1.1",
      "resolved": "https://registry.npmjs.org/which-boxed-primitive/-/which-boxed-primitive-1.1.1.tgz",
      "integrity": "sha512-TbX3mj8n0odCBFVlY8AxkqcHASw3L60jIuF8jFP78az3C2YhmGvqbHBpAjTRH2/xqYunrJ9g1jSyjCjpoWzIAA==",
      "license": "MIT",
      "dependencies": {
        "is-bigint": "^1.1.0",
        "is-boolean-object": "^1.2.1",
        "is-number-object": "^1.1.1",
        "is-string": "^1.1.1",
        "is-symbol": "^1.1.1"
      },
      "engines": {
        "node": ">= 0.4"
      },
      "funding": {
        "url": "https://github.com/sponsors/ljharb"
      }
    },
    "node_modules/which-builtin-type": {
      "version": "1.2.1",
      "resolved": "https://registry.npmjs.org/which-builtin-type/-/which-builtin-type-1.2.1.tgz",
      "integrity": "sha512-6iBczoX+kDQ7a3+YJBnh3T+KZRxM/iYNPXicqk66/Qfm1b93iu+yOImkg0zHbj5LNOcNv1TEADiZ0xa34B4q6Q==",
      "license": "MIT",
      "dependencies": {
        "call-bound": "^1.0.2",
        "function.prototype.name": "^1.1.6",
        "has-tostringtag": "^1.0.2",
        "is-async-function": "^2.0.0",
        "is-date-object": "^1.1.0",
        "is-finalizationregistry": "^1.1.0",
        "is-generator-function": "^1.0.10",
        "is-regex": "^1.2.1",
        "is-weakref": "^1.0.2",
        "isarray": "^2.0.5",
        "which-boxed-primitive": "^1.1.0",
        "which-collection": "^1.0.2",
        "which-typed-array": "^1.1.16"
      },
      "engines": {
        "node": ">= 0.4"
      },
      "funding": {
        "url": "https://github.com/sponsors/ljharb"
      }
    },
    "node_modules/which-collection": {
      "version": "1.0.2",
      "resolved": "https://registry.npmjs.org/which-collection/-/which-collection-1.0.2.tgz",
      "integrity": "sha512-K4jVyjnBdgvc86Y6BkaLZEN933SwYOuBFkdmBu9ZfkcAbdVbpITnDmjvZ/aQjRXQrv5EPkTnD1s39GiiqbngCw==",
      "license": "MIT",
      "dependencies": {
        "is-map": "^2.0.3",
        "is-set": "^2.0.3",
        "is-weakmap": "^2.0.2",
        "is-weakset": "^2.0.3"
      },
      "engines": {
        "node": ">= 0.4"
      },
      "funding": {
        "url": "https://github.com/sponsors/ljharb"
      }
    },
    "node_modules/which-typed-array": {
      "version": "1.1.22",
      "resolved": "https://registry.npmjs.org/which-typed-array/-/which-typed-array-1.1.22.tgz",
      "integrity": "sha512-fvO4ExWMFsqyhG3AiPAObMuY1lxaqgYcxbc49CNdWDDECOJNgQyvsOWVwbZc+qf3rzRtxojBK+CMEv0Ld5CYpw==",
      "license": "MIT",
      "dependencies": {
        "available-typed-arrays": "^1.0.7",
        "call-bind": "^1.0.9",
        "call-bound": "^1.0.4",
        "for-each": "^0.3.5",
        "get-proto": "^1.0.1",
        "gopd": "^1.2.0",
        "has-tostringtag": "^1.0.2"
      },
      "engines": {
        "node": ">= 0.4"
      },
      "funding": {
        "url": "https://github.com/sponsors/ljharb"
      }
    },
    "node_modules/why-is-node-running": {
      "version": "2.3.0",
      "resolved": "https://registry.npmjs.org/why-is-node-running/-/why-is-node-running-2.3.0.tgz",
      "integrity": "sha512-hUrmaWBdVDcxvYqnyh09zunKzROWjbZTiNy8dBEjkS7ehEDQibXJ7XvlmtbwuTclUiIyN+CyXQD4Vmko8fNm8w==",
      "dev": true,
      "license": "MIT",
      "dependencies": {
        "siginfo": "^2.0.0",
        "stackback": "0.0.2"
      },
      "bin": {
        "why-is-node-running": "cli.js"
      },
      "engines": {
        "node": ">=8"
      }
    },
    "node_modules/with": {
      "version": "7.0.2",
      "resolved": "https://registry.npmjs.org/with/-/with-7.0.2.tgz",
      "integrity": "sha512-RNGKj82nUPg3g5ygxkQl0R937xLyho1J24ItRCBTr/m1YnZkzJy1hUiHUJrc/VlsDQzsCnInEGSg3bci0Lmd4w==",
      "dev": true,
      "license": "MIT",
      "dependencies": {
        "@babel/parser": "^7.9.6",
        "@babel/types": "^7.9.6",
        "assert-never": "^1.2.1",
        "babel-walk": "3.0.0-canary-5"
      },
      "engines": {
        "node": ">= 10.0.0"
      }
    },
    "node_modules/word-wrap": {
      "version": "1.2.5",
      "resolved": "https://registry.npmjs.org/word-wrap/-/word-wrap-1.2.5.tgz",
      "integrity": "sha512-BN22B5eaMMI9UMtjrGd5g5eCYPpCPDUy0FJXbYsaT5zYxjFOckS53SQDE3pWkVoWpHXVb3BrYcEN4Twa55B5cA==",
      "dev": true,
      "license": "MIT",
      "engines": {
        "node": ">=0.10.0"
      }
    },
    "node_modules/workbox-background-sync": {
      "version": "7.4.1",
      "resolved": "https://registry.npmjs.org/workbox-background-sync/-/workbox-background-sync-7.4.1.tgz",
      "integrity": "sha512-HhT7KE8tOWDm02wRNshXUnUPofMlhenF2DBdUnDPOubhizzPeItkYTmAB6td1Z2cjYPa98vzEiPLEuzn5hN66g==",
      "license": "MIT",
      "dependencies": {
        "idb": "^7.0.1",
        "workbox-core": "7.4.1"
      }
    },
    "node_modules/workbox-broadcast-update": {
      "version": "7.4.1",
      "resolved": "https://registry.npmjs.org/workbox-broadcast-update/-/workbox-broadcast-update-7.4.1.tgz",
      "integrity": "sha512-uAlgslKLvbQY+suirIdnBCSYrcgBhjp81Nj4l1lj/Jmj0MJO2CJERnCJjT0GFVwmReV0N+zs78K6gqd5gr9/+A==",
      "license": "MIT",
      "dependencies": {
        "workbox-core": "7.4.1"
      }
    },
    "node_modules/workbox-build": {
      "version": "7.4.1",
      "resolved": "https://registry.npmjs.org/workbox-build/-/workbox-build-7.4.1.tgz",
      "integrity": "sha512-SDhxIvEAde9Gy/5w4Yo1Jh/M49Z0qE3q0oteyE8zGq0DScxFqVBcCtIXFuLtmtxRQZCMbf0prco4VyEu3KBQuw==",
      "license": "MIT",
      "dependencies": {
        "@apideck/better-ajv-errors": "^0.3.1",
        "@babel/core": "^7.24.4",
        "@babel/preset-env": "^7.11.0",
        "@babel/runtime": "^7.11.2",
        "@rollup/plugin-babel": "^6.1.0",
        "@rollup/plugin-node-resolve": "^16.0.3",
        "@rollup/plugin-replace": "^6.0.3",
        "@rollup/plugin-terser": "^1.0.0",
        "@trickfilm400/rollup-plugin-off-main-thread": "^3.0.0-pre1",
        "ajv": "^8.6.0",
        "common-tags": "^1.8.0",
        "eta": "^4.5.1",
        "fast-json-stable-stringify": "^2.1.0",
        "fs-extra": "^9.0.1",
        "glob": "^11.0.1",
        "pretty-bytes": "^5.3.0",
        "rollup": "^4.53.3",
        "source-map": "^0.8.0-beta.0",
        "stringify-object": "^3.3.0",
        "strip-comments": "^2.0.1",
        "tempy": "^0.6.0",
        "upath": "^1.2.0",
        "workbox-background-sync": "7.4.1",
        "workbox-broadcast-update": "7.4.1",
        "workbox-cacheable-response": "7.4.1",
        "workbox-core": "7.4.1",
        "workbox-expiration": "7.4.1",
        "workbox-google-analytics": "7.4.1",
        "workbox-navigation-preload": "7.4.1",
        "workbox-precaching": "7.4.1",
        "workbox-range-requests": "7.4.1",
        "workbox-recipes": "7.4.1",
        "workbox-routing": "7.4.1",
        "workbox-strategies": "7.4.1",
        "workbox-streams": "7.4.1",
        "workbox-sw": "7.4.1",
        "workbox-window": "7.4.1"
      },
      "engines": {
        "node": ">=20.0.0"
      }
    },
    "node_modules/workbox-build/node_modules/@apideck/better-ajv-errors": {
      "version": "0.3.7",
      "resolved": "https://registry.npmjs.org/@apideck/better-ajv-errors/-/better-ajv-errors-0.3.7.tgz",
      "integrity": "sha512-TajUJwGWbDwkCx/CZi7tRE8PVB7simCvKJfHUsSdvps+aTM/PDPP4gkLmKnc+x3CE//y9i/nj74GqdL/hwk7Iw==",
      "license": "MIT",
      "dependencies": {
        "jsonpointer": "^5.0.1",
        "leven": "^3.1.0"
      },
      "engines": {
        "node": ">=10"
      },
      "peerDependencies": {
        "ajv": ">=8"
      }
    },
    "node_modules/workbox-build/node_modules/ajv": {
      "version": "8.20.0",
      "resolved": "https://registry.npmjs.org/ajv/-/ajv-8.20.0.tgz",
      "integrity": "sha512-Thbli+OlOj+iMPYFBVBfJ3OmCAnaSyNn4M1vz9T6Gka5Jt9ba/HIR56joy65tY6kx/FCF5VXNB819Y7/GUrBGA==",
      "license": "MIT",
      "dependencies": {
        "fast-deep-equal": "^3.1.3",
        "fast-uri": "^3.0.1",
        "json-schema-traverse": "^1.0.0",
        "require-from-string": "^2.0.2"
      },
      "funding": {
        "type": "github",
        "url": "https://github.com/sponsors/epoberezkin"
      }
    },
    "node_modules/workbox-build/node_modules/json-schema-traverse": {
      "version": "1.0.0",
      "resolved": "https://registry.npmjs.org/json-schema-traverse/-/json-schema-traverse-1.0.0.tgz",
      "integrity": "sha512-NM8/P9n3XjXhIZn1lLhkFaACTOURQXjWhV4BA/RnOv8xvgqtqpAX9IO4mRQxSx1Rlo4tqzeqb0sOlruaOy3dug==",
      "license": "MIT"
    },
    "node_modules/workbox-build/node_modules/pretty-bytes": {
      "version": "5.6.0",
      "resolved": "https://registry.npmjs.org/pretty-bytes/-/pretty-bytes-5.6.0.tgz",
      "integrity": "sha512-FFw039TmrBqFK8ma/7OL3sDz/VytdtJr044/QUJtH0wK9lb9jLq9tJyIxUwtQJHwar2BqtiA4iCWSwo9JLkzFg==",
      "license": "MIT",
      "engines": {
        "node": ">=6"
      },
      "funding": {
        "url": "https://github.com/sponsors/sindresorhus"
      }
    },
    "node_modules/workbox-build/node_modules/source-map": {
      "version": "0.8.0",
      "resolved": "https://registry.npmjs.org/source-map/-/source-map-0.8.0.tgz",
      "integrity": "sha512-d8EqvL+k/SOXCreS/SUzg2ciyHqBBLcN/yuRjFsbvVhHTE2pgei7oAhmPM7kWFbkX6OSMQfUq4KbkF3au9lhYQ==",
      "license": "BSD-3-Clause",
      "engines": {
        "node": ">= 12"
      }
    },
    "node_modules/workbox-cacheable-response": {
      "version": "7.4.1",
      "resolved": "https://registry.npmjs.org/workbox-cacheable-response/-/workbox-cacheable-response-7.4.1.tgz",
      "integrity": "sha512-8xaFoJdDc2OjrlbbL3gEeBO1WKcMwRqwLRupgqahYXu75yXajPLuwrbXMrIGZuWYXrQwk0xDjOxZ/ujCy/oJYw==",
      "license": "MIT",
      "dependencies": {
        "workbox-core": "7.4.1"
      }
    },
    "node_modules/workbox-core": {
      "version": "7.4.1",
      "resolved": "https://registry.npmjs.org/workbox-core/-/workbox-core-7.4.1.tgz",
      "integrity": "sha512-DT+vu46eh/2vRsSHTY4Xmc32Z1rr9PRlQUXr1Dx30ZuXRWwOsvZgGgcwxcasubQLQmbTNYZjv44LkBAQ4tT5tQ==",
      "license": "MIT"
    },
    "node_modules/workbox-expiration": {
      "version": "7.4.1",
      "resolved": "https://registry.npmjs.org/workbox-expiration/-/workbox-expiration-7.4.1.tgz",
      "integrity": "sha512-lRKUF7b+OGbeXkQk1s6MHXOa3d7Xxf7Of31W6c6hCfipfIyrtdWZ89stq21AHZMaoG7VNFoHply4Ox+rU31TWg==",
      "license": "MIT",
      "dependencies": {
        "idb": "^7.0.1",
        "workbox-core": "7.4.1"
      }
    },
    "node_modules/workbox-google-analytics": {
      "version": "7.4.1",
      "resolved": "https://registry.npmjs.org/workbox-google-analytics/-/workbox-google-analytics-7.4.1.tgz",
      "integrity": "sha512-Mks1JwLEt++ZAkF6sS1OpSh9RtAMIsiDgRpK+codiHGIPXeaUOgi4cPc3GFadUl8V5QPeypEk8Oxgl3HlwVzHw==",
      "license": "MIT",
      "dependencies": {
        "workbox-background-sync": "7.4.1",
        "workbox-core": "7.4.1",
        "workbox-routing": "7.4.1",
        "workbox-strategies": "7.4.1"
      }
    },
    "node_modules/workbox-navigation-preload": {
      "version": "7.4.1",
      "resolved": "https://registry.npmjs.org/workbox-navigation-preload/-/workbox-navigation-preload-7.4.1.tgz",
      "integrity": "sha512-C4KVsjPcYKJOhr631AxR9XoG2rLF3QiTk5aMv36MXOjtWvm8axwNFAtKUPGsWUwLXXAMgYM1En7fsvndaXeXRQ==",
      "license": "MIT",
      "dependencies": {
        "workbox-core": "7.4.1"
      }
    },
    "node_modules/workbox-precaching": {
      "version": "7.4.1",
      "resolved": "https://registry.npmjs.org/workbox-precaching/-/workbox-precaching-7.4.1.tgz",
      "integrity": "sha512-cdr/9qByww7yzEp7zg/qI4ukUrrNjQLgN+ONQRpjy/VqGQXwkgHwr00KksGJK8v0VifwDXBb8a4cWNZH71jn3Q==",
      "license": "MIT",
      "dependencies": {
        "workbox-core": "7.4.1",
        "workbox-routing": "7.4.1",
        "workbox-strategies": "7.4.1"
      }
    },
    "node_modules/workbox-range-requests": {
      "version": "7.4.1",
      "resolved": "https://registry.npmjs.org/workbox-range-requests/-/workbox-range-requests-7.4.1.tgz",
      "integrity": "sha512-7i2oxAUE82gHdAJBCAQ04JzNOdRPqzuOzGfoUyJpFSmeqBNYGPrAH8GPoPjUQTfp+NycwrD2H68VtuF8qxv0vQ==",
      "license": "MIT",
      "dependencies": {
        "workbox-core": "7.4.1"
      }
    },
    "node_modules/workbox-recipes": {
      "version": "7.4.1",
      "resolved": "https://registry.npmjs.org/workbox-recipes/-/workbox-recipes-7.4.1.tgz",
      "integrity": "sha512-gnbVfmV4/TtmQaM4x9AtuXhcdstJsep3XMVeztOrQVPT+R6+6DeBjGTCQ7fFCXm+4GEHUA5VEBTyi5+4gWGeog==",
      "license": "MIT",
      "dependencies": {
        "workbox-cacheable-response": "7.4.1",
        "workbox-core": "7.4.1",
        "workbox-expiration": "7.4.1",
        "workbox-precaching": "7.4.1",
        "workbox-routing": "7.4.1",
        "workbox-strategies": "7.4.1"
      }
    },
    "node_modules/workbox-routing": {
      "version": "7.4.1",
      "resolved": "https://registry.npmjs.org/workbox-routing/-/workbox-routing-7.4.1.tgz",
      "integrity": "sha512-yubJGErZOusuidAenaL5ypfhQOa7urxP/f8E0ws7FPb4039RiWXUWBAyUkmUoOL/BcQGen3h0J8872d51IYxtA==",
      "license": "MIT",
      "dependencies": {
        "workbox-core": "7.4.1"
      }
    },
    "node_modules/workbox-strategies": {
      "version": "7.4.1",
      "resolved": "https://registry.npmjs.org/workbox-strategies/-/workbox-strategies-7.4.1.tgz",
      "integrity": "sha512-GZxpaw9NbmOelj7667uZ2kpk5BFpOGbO4X0qjwh5ls8XQ8C+Lha5LQchTiUzsTFSS+NlUpftYAyOVXvQUrcqOQ==",
      "license": "MIT",
      "dependencies": {
        "workbox-core": "7.4.1"
      }
    },
    "node_modules/workbox-streams": {
      "version": "7.4.1",
      "resolved": "https://registry.npmjs.org/workbox-streams/-/workbox-streams-7.4.1.tgz",
      "integrity": "sha512-HWWtraKUbJknd9kgqGcpQ3G114HOPYvqs8HaJMDs2ebLNAimDkVDaWfAXE6Ybl+m8U6KsCE6pWyLYuigWmnAXw==",
      "license": "MIT",
      "dependencies": {
        "workbox-core": "7.4.1",
        "workbox-routing": "7.4.1"
      }
    },
    "node_modules/workbox-sw": {
      "version": "7.4.1",
      "resolved": "https://registry.npmjs.org/workbox-sw/-/workbox-sw-7.4.1.tgz",
      "integrity": "sha512-fez5f2DUlDJWTFYkCWQpY10N8gtztd849NswCbVFk0QlcSM4HT5A8x4g4ii650yem4I8tHY0R7JZahwp3ltIPw==",
      "license": "MIT"
    },
    "node_modules/workbox-window": {
      "version": "7.4.1",
      "resolved": "https://registry.npmjs.org/workbox-window/-/workbox-window-7.4.1.tgz",
      "integrity": "sha512-notZDH2u8VXaqyuD7xaqIfEFi6SRM4SUSd7ewe9PDsVqADuepxX2ZMY3uvuZGxzY5ZOsGC/vD3A/3smFtJt4/A==",
      "license": "MIT",
      "dependencies": {
        "@types/trusted-types": "^2.0.2",
        "workbox-core": "7.4.1"
      }
    },
    "node_modules/wrappy": {
      "version": "1.0.2",
      "resolved": "https://registry.npmjs.org/wrappy/-/wrappy-1.0.2.tgz",
      "integrity": "sha512-l4Sp/DRseor9wL6EvV2+TuQn63dMkPjZ/sp9XkghTEbV9KlPS1xUsZ3u7/IQO4wxtcFB4bgpQPRcR3QCvezPcQ==",
      "license": "ISC"
    },
    "node_modules/write-file-atomic": {
      "version": "5.0.1",
      "resolved": "https://registry.npmjs.org/write-file-atomic/-/write-file-atomic-5.0.1.tgz",
      "integrity": "sha512-+QU2zd6OTD8XWIJCbffaiQeH9U73qIqafo1x6V1snCWYGJf6cVE0cDR4D8xRzcEnfI21IFrUPzPGtcPf8AC+Rw==",
      "license": "ISC",
      "dependencies": {
        "imurmurhash": "^0.1.4",
        "signal-exit": "^4.0.1"
      },
      "engines": {
        "node": "^14.17.0 || ^16.13.0 || >=18.0.0"
      }
    },
    "node_modules/ws": {
      "version": "8.21.0",
      "resolved": "https://registry.npmjs.org/ws/-/ws-8.21.0.tgz",
      "integrity": "sha512-Vsp28b7DRcimFQvrqu2Wek3z1iYxDCWqHYB8Qsnk/S4RfaCQzPGPyBNuVjJV3cd6UiKtUtp6sNM77gWvzcCH+g==",
      "dev": true,
      "license": "MIT",
      "engines": {
        "node": ">=10.0.0"
      },
      "peerDependencies": {
        "bufferutil": "^4.0.1",
        "utf-8-validate": ">=5.0.2"
      },
      "peerDependenciesMeta": {
        "bufferutil": {
          "optional": true
        },
        "utf-8-validate": {
          "optional": true
        }
      }
    },
    "node_modules/xml-name-validator": {
      "version": "5.0.0",
      "resolved": "https://registry.npmjs.org/xml-name-validator/-/xml-name-validator-5.0.0.tgz",
      "integrity": "sha512-EvGK8EJ3DhaHfbRlETOWAS5pO9MZITeauHKJyb8wyajUfQUenkIg2MvLDTZ4T/TgIcm3HU0TFBgWWboAZ30UHg==",
      "dev": true,
      "license": "Apache-2.0",
      "engines": {
        "node": ">=18"
      }
    },
    "node_modules/xmlbuilder2": {
      "version": "4.0.3",
      "resolved": "https://registry.npmjs.org/xmlbuilder2/-/xmlbuilder2-4.0.3.tgz",
      "integrity": "sha512-bx8Q1STctnNaaDymWnkfQLKofs0mGNN7rLLapJlGuV3VlvegD7Ls4ggMjE3aUSWItCCzU0PEv45lI87iSigiCA==",
      "license": "MIT",
      "dependencies": {
        "@oozcitak/dom": "^2.0.2",
        "@oozcitak/infra": "^2.0.2",
        "@oozcitak/util": "^10.0.0",
        "js-yaml": "^4.1.1"
      },
      "engines": {
        "node": ">=20.0"
      }
    },
    "node_modules/xmlchars": {
      "version": "2.2.0",
      "resolved": "https://registry.npmjs.org/xmlchars/-/xmlchars-2.2.0.tgz",
      "integrity": "sha512-JZnDKK8B0RCDw84FNdDAIpZK+JuJw+s7Lz8nksI7SIuU3UXJJslUthsi+uWBUYOwPFwW7W7PRLRfUKpxjtjFCw==",
      "dev": true,
      "license": "MIT"
    },
    "node_modules/yallist": {
      "version": "3.1.1",
      "resolved": "https://registry.npmjs.org/yallist/-/yallist-3.1.1.tgz",
      "integrity": "sha512-a4UGQaWPH59mOXUYnAG2ewncQS4i4F43Tv3JoAM+s2VDAmS9NsK8GpDMLrCHPksFT7h3K6TOoUNn2pb7RoXx4g==",
      "license": "ISC"
    },
    "node_modules/yocto-queue": {
      "version": "0.1.0",
      "resolved": "https://registry.npmjs.org/yocto-queue/-/yocto-queue-0.1.0.tgz",
      "integrity": "sha512-rVksvsnNCdJ/ohGc6xgPwyN8eheCxsiLM8mxuE/t/mOVqJewPuO1miLpTHQiRgTKCLexL4MeAFVagts7HmNZ2Q==",
      "dev": true,
      "license": "MIT",
      "engines": {
        "node": ">=10"
      },
      "funding": {
        "url": "https://github.com/sponsors/sindresorhus"
      }
    },
    "node_modules/zod": {
      "version": "3.25.76",
      "resolved": "https://registry.npmjs.org/zod/-/zod-3.25.76.tgz",
      "integrity": "sha512-gzUt/qt81nXsFGKIFcC3YnfEAx5NkunCfnDlvuBSSFS02bcXu4Lmea0AFIUwbLWxWPx3d9p8S5QoaujKcNQxcQ==",
      "license": "MIT",
      "funding": {
        "url": "https://github.com/sponsors/colinhacks"
      }
    },
    "node_modules/zod-to-json-schema": {
      "version": "3.25.2",
      "resolved": "https://registry.npmjs.org/zod-to-json-schema/-/zod-to-json-schema-3.25.2.tgz",
      "integrity": "sha512-O/PgfnpT1xKSDeQYSCfRI5Gy3hPf91mKVDuYLUHZJMiDFptvP41MSnWofm8dnCm0256ZNfZIM7DSzuSMAFnjHA==",
      "license": "ISC",
      "peerDependencies": {
        "zod": "^3.25.28 || ^4"
      }
    },
    "node_modules/zustand": {
      "version": "5.0.14",
      "resolved": "https://registry.npmjs.org/zustand/-/zustand-5.0.14.tgz",
      "integrity": "sha512-/8tAspM5LMPr28b3fwLYrtdj77ECpfZviaP75CMTnwO8ISyaE4GDIG/9rDDYq/cH9D2Xw2A2RXglLInmVBQB/g==",
      "license": "MIT",
      "engines": {
        "node": ">=12.20.0"
      },
      "peerDependencies": {
        "@types/react": ">=18.0.0",
        "immer": ">=9.0.6",
        "react": ">=18.0.0",
        "use-sync-external-store": ">=1.2.0"
      },
      "peerDependenciesMeta": {
        "@types/react": {
          "optional": true
        },
        "immer": {
          "optional": true
        },
        "react": {
          "optional": true
        },
        "use-sync-external-store": {
          "optional": true
        }
      }
    }
  }
}
